
Microsoft Visual Studio Solution File, Format Version 12.00
# Visual Studio Version 16
VisualStudioVersion = 16.0.31515.178
MinimumVisualStudioVersion = 10.0.40219.1
Project("{8BC9CEB8-8B4A-11D0-8D11-00A0C91BC942}") = "Task1", "Task1\Task1.vcxproj", "{7968920C-E8C6-4F1D-80E9-EE503D583511}"
EndProject
Project("{8BC9CEB8-8B4A-11D0-8D11-00A0C91BC942}") = "Task2", "Task2\Task2.vcxproj", "{2330B201-FBD8-4E29-B0BD-6D3D8724F203}"
EndProject
Project("{8BC9CEB8-8B4A-11D0-8D11-00A0C91BC942}") = "Task3", "Task3\Task3.vcxproj", "{F3B98C73-8371-498D-BCC8-19DB3E6B07DA}"
EndProject
Project("{8BC9CEB8-8B4A-11D0-8D11-00A0C91BC942}") = "Task4", "Task4\Task4.vcxproj", "{566F7604-F140-407E-B815-BBA0C9A692CF}"
EndProject
Project("{8BC9CEB8-8B4A-11D0-8D11-00A0C91BC942}") = "Task5", "Task5\Task5.vcxproj", "{4D503C1E-ABD2-4CED-B8C8-B9E745ADD59E}"
EndProject
Project("{8BC9CEB8-8B4A-11D0-8D11-00A0C91BC942}") = "Task6", "Task6\Task6.vcxproj", "{6478501D-B840-4C39-9AE3-7BC618241662}"
EndProject
Project("{8BC9CEB8-8B4A-11D0-8D11-00A0C91BC942}") = "Task7", "Task7\Task7.vcxproj", "{A9751547-8836-4532-8A5D-535B64E381F9}"
EndProject
Project("{8BC9CEB8-8B4A-11D0-8D11-00A0C91BC942}") = "Task8", "Task8\Task8.vcxproj", "{88002D44-C217-4F54-84DB-EDA2BD299410}"
EndProject
Project("{8BC9CEB8-8B4A-11D0-8D11-00A0C91BC942}") = "Task9", "Task9\Task9.vcxproj", "{9BEB1944-A49A-4EF3-9130-FE2062102BBB}"
EndProject
Project("{8BC9CEB8-8B4A-11D0-8D11-00A0C91BC942}") = "Task10", "Task10\Task10.vcxproj", "{7129F918-CFDB-4A54-B434-AC265ED83DA1}"
EndProject
Global
	GlobalSection(SolutionConfigurationPlatforms) = preSolution
		Debug|x64 = Debug|x64
		Debug|x86 = Debug|x86
		Release|x64 = Release|x64
		Release|x86 = Release|x86
	EndGlobalSection
	GlobalSection(ProjectConfigurationPlatforms) = postSolution
		{7968920C-E8C6-4F1D-80E9-EE503D583511}.Debug|x64.ActiveCfg = Debug|x64
		{7968920C-E8C6-4F1D-80E9-EE503D583511}.Debug|x64.Build.0 = Debug|x64
		{7968920C-E8C6-4F1D-80E9-EE503D583511}.Debug|x86.ActiveCfg = Debug|Win32
		{7968920C-E8C6-4F1D-80E9-EE503D583511}.Debug|x86.Build.0 = Debug|Win32
		{7968920C-E8C6-4F1D-80E9-EE503D583511}.Release|x64.ActiveCfg = Release|x64
		{7968920C-E8C6-4F1D-80E9-EE503D583511}.Release|x64.Build.0 = Release|x64
		{7968920C-E8C6-4F1D-80E9-EE503D583511}.Release|x86.ActiveCfg = Release|Win32
		{7968920C-E8C6-4F1D-80E9-EE503D583511}.Release|x86.Build.0 = Release|Win32
		{2330B201-FBD8-4E29-B0BD-6D3D8724F203}.Debug|x64.ActiveCfg = Debug|x64
		{2330B201-FBD8-4E29-B0BD-6D3D8724F203}.Debug|x64.Build.0 = Debug|x64
		{2330B201-FBD8-4E29-B0BD-6D3D8724F203}.Debug|x86.ActiveCfg = Debug|Win32
		{2330B201-FBD8-4E29-B0BD-6D3D8724F203}.Debug|x86.Build.0 = Debug|Win32
		{2330B201-FBD8-4E29-B0BD-6D3D8724F203}.Release|x64.ActiveCfg = Release|x64
		{2330B201-FBD8-4E29-B0BD-6D3D8724F203}.Release|x64.Build.0 = Release|x64
		{2330B201-FBD8-4E29-B0BD-6D3D8724F203}.Release|x86.ActiveCfg = Release|Win32
		{2330B201-FBD8-4E29-B0BD-6D3D8724F203}.Release|x86.Build.0 = Release|Win32
		{F3B98C73-8371-498D-BCC8-19DB3E6B07DA}.Debug|x64.ActiveCfg = Debug|x64
		{F3B98C73-8371-498D-BCC8-19DB3E6B07DA}.Debug|x64.Build.0 = Debug|x64
		{F3B98C73-8371-498D-BCC8-19DB3E6B07DA}.Debug|x86.ActiveCfg = Debug|Win32
		{F3B98C73-8371-498D-BCC8-19DB3E6B07DA}.Debug|x86.Build.0 = Debug|Win32
		{F3B98C73-8371-498D-BCC8-19DB3E6B07DA}.Release|x64.ActiveCfg = Release|x64
		{F3B98C73-8371-498D-BCC8-19DB3E6B07DA}.Release|x64.Build.0 = Release|x64
		{F3B98C73-8371-498D-BCC8-19DB3E6B07DA}.Release|x86.ActiveCfg = Release|Win32
		{F3B98C73-8371-498D-BCC8-19DB3E6B07DA}.Release|x86.Build.0 = Release|Win32
		{566F7604-F140-407E-B815-BBA0C9A692CF}.Debug|x64.ActiveCfg = Debug|x64
		{566F7604-F140-407E-B815-BBA0C9A692CF}.Debug|x64.Build.0 = Debug|x64
		{566F7604-F140-407E-B815-BBA0C9A692CF}.Debug|x86.ActiveCfg = Debug|Win32
		{566F7604-F140-407E-B815-BBA0C9A692CF}.Debug|x86.Build.0 = Debug|Win32
		{566F7604-F140-407E-B815-BBA0C9A692CF}.Release|x64.ActiveCfg = Release|x64
		{566F7604-F140-407E-B815-BBA0C9A692CF}.Release|x64.Build.0 = Release|x64
		{566F7604-F140-407E-B815-BBA0C9A692CF}.Release|x86.ActiveCfg = Release|Win32
		{566F7604-F140-407E-B815-BBA0C9A692CF}.Release|x86.Build.0 = Release|Win32
		{4D503C1E-ABD2-4CED-B8C8-B9E745ADD59E}.Debug|x64.ActiveCfg = Debug|x64
		{4D503C1E-ABD2-4CED-B8C8-B9E745ADD59E}.Debug|x64.Build.0 = Debug|x64
		{4D503C1E-ABD2-4CED-B8C8-B9E745ADD59E}.Debug|x86.ActiveCfg = Debug|Win32
		{4D503C1E-ABD2-4CED-B8C8-B9E745ADD59E}.Debug|x86.Build.0 = Debug|Win32
		{4D503C1E-ABD2-4CED-B8C8-B9E745ADD59E}.Release|x64.ActiveCfg = Release|x64
		{4D503C1E-ABD2-4CED-B8C8-B9E745ADD59E}.Release|x64.Build.0 = Release|x64
		{4D503C1E-ABD2-4CED-B8C8-B9E745ADD59E}.Release|x86.ActiveCfg = Release|Win32
		{4D503C1E-ABD2-4CED-B8C8-B9E745ADD59E}.Release|x86.Build.0 = Release|Win32
		{6478501D-B840-4C39-9AE3-7BC618241662}.Debug|x64.ActiveCfg = Debug|x64
		{6478501D-B840-4C39-9AE3-7BC618241662}.Debug|x64.Build.0 = Debug|x64
		{6478501D-B840-4C39-9AE3-7BC618241662}.Debug|x86.ActiveCfg = Debug|Win32
		{6478501D-B840-4C39-9AE3-7BC618241662}.Debug|x86.Build.0 = Debug|Win32
		{6478501D-B840-4C39-9AE3-7BC618241662}.Release|x64.ActiveCfg = Release|x64
		{6478501D-B840-4C39-9AE3-7BC618241662}.Release|x64.Build.0 = Release|x64
		{6478501D-B840-4C39-9AE3-7BC618241662}.Release|x86.ActiveCfg = Release|Win32
		{6478501D-B840-4C39-9AE3-7BC618241662}.Release|x86.Build.0 = Release|Win32
		{A9751547-8836-4532-8A5D-535B64E381F9}.Debug|x64.ActiveCfg = Debug|x64
		{A9751547-8836-4532-8A5D-535B64E381F9}.Debug|x64.Build.0 = Debug|x64
		{A9751547-8836-4532-8A5D-535B64E381F9}.Debug|x86.ActiveCfg = Debug|Win32
		{A9751547-8836-4532-8A5D-535B64E381F9}.Debug|x86.Build.0 = Debug|Win32
		{A9751547-8836-4532-8A5D-535B64E381F9}.Release|x64.ActiveCfg = Release|x64
		{A9751547-8836-4532-8A5D-535B64E381F9}.Release|x64.Build.0 = Release|x64
		{A9751547-8836-4532-8A5D-535B64E381F9}.Release|x86.ActiveCfg = Release|Win32
		{A9751547-8836-4532-8A5D-535B64E381F9}.Release|x86.Build.0 = Release|Win32
		{88002D44-C217-4F54-84DB-EDA2BD299410}.Debug|x64.ActiveCfg = Debug|x64
		{88002D44-C217-4F54-84DB-EDA2BD299410}.Debug|x64.Build.0 = Debug|x64
		{88002D44-C217-4F54-84DB-EDA2BD299410}.Debug|x86.ActiveCfg = Debug|Win32
		{88002D44-C217-4F54-84DB-EDA2BD299410}.Debug|x86.Build.0 = Debug|Win32
		{88002D44-C217-4F54-84DB-EDA2BD299410}.Release|x64.ActiveCfg = Release|x64
		{88002D44-C217-4F54-84DB-EDA2BD299410}.Release|x64.Build.0 = Release|x64
		{88002D44-C217-4F54-84DB-EDA2BD299410}.Release|x86.ActiveCfg = Release|Win32
		{88002D44-C217-4F54-84DB-EDA2BD299410}.Release|x86.Build.0 = Release|Win32
		{9BEB1944-A49A-4EF3-9130-FE2062102BBB}.Debug|x64.ActiveCfg = Debug|x64
		{9BEB1944-A49A-4EF3-9130-FE2062102BBB}.Debug|x64.Build.0 = Debug|x64
		{9BEB1944-A49A-4EF3-9130-FE2062102BBB}.Debug|x86.ActiveCfg = Debug|Win32
		{9BEB1944-A49A-4EF3-9130-FE2062102BBB}.Debug|x86.Build.0 = Debug|Win32
		{9BEB1944-A49A-4EF3-9130-FE2062102BBB}.Release|x64.ActiveCfg = Release|x64
		{9BEB1944-A49A-4EF3-9130-FE2062102BBB}.Release|x64.Build.0 = Release|x64
		{9BEB1944-A49A-4EF3-9130-FE2062102BBB}.Release|x86.ActiveCfg = Release|Win32
		{9BEB1944-A49A-4EF3-9130-FE2062102BBB}.Release|x86.Build.0 = Release|Win32
		{7129F918-CFDB-4A54-B434-AC265ED83DA1}.Debug|x64.ActiveCfg = Debug|x64
		{7129F918-CFDB-4A54-B434-AC265ED83DA1}.Debug|x64.Build.0 = Debug|x64
		{7129F918-CFDB-4A54-B434-AC265ED83DA1}.Debug|x86.ActiveCfg = Debug|Win32
		{7129F918-CFDB-4A54-B434-AC265ED83DA1}.Debug|x86.Build.0 = Debug|Win32
		{7129F918-CFDB-4A54-B434-AC265ED83DA1}.Release|x64.ActiveCfg = Release|x64
		{7129F918-CFDB-4A54-B434-AC265ED83DA1}.Release|x64.Build.0 = Release|x64
		{7129F918-CFDB-4A54-B434-AC265ED83DA1}.Release|x86.ActiveCfg = Release|Win32
		{7129F918-CFDB-4A54-B434-AC265ED83DA1}.Release|x86.Build.0 = Release|Win32
	EndGlobalSection
	GlobalSection(SolutionProperties) = preSolution
		HideSolutionNode = FALSE
	EndGlobalSection
	GlobalSection(ExtensibilityGlobals) = postSolution
		SolutionGuid = {9D09F3EA-C8DF-474A-BD8C-06927189DF6F}
	EndGlobalSection
EndGlobal
